
Microsoft Visual Studio Solution File, Format Version 12.00
Project("{FAE04EC0-301F-11D3-BF4B-00C04F79EFBC}") = "Avalonia.Stylet", "Avalonia.Stylet\Avalonia.Stylet\Avalonia.Stylet.csproj", "{1ED55290-AC04-4001-90CA-3C2CCABEB80C}"
EndProject
Global
	GlobalSection(SolutionConfigurationPlatforms) = preSolution
		Debug|Any CPU = Debug|Any CPU
		Release|Any CPU = Release|Any CPU
	EndGlobalSection
	GlobalSection(ProjectConfigurationPlatforms) = postSolution
		{1ED55290-AC04-4001-90CA-3C2CCABEB80C}.Debug|Any CPU.ActiveCfg = Debug|Any CPU
		{1ED55290-AC04-4001-90CA-3C2CCABEB80C}.Debug|Any CPU.Build.0 = Debug|Any CPU
		{1ED55290-AC04-4001-90CA-3C2CCABEB80C}.Release|Any CPU.ActiveCfg = Release|Any CPU
		{1ED55290-AC04-4001-90CA-3C2CCABEB80C}.Release|Any CPU.Build.0 = Release|Any CPU
	EndGlobalSection
EndGlobal
