
Microsoft Visual Studio Solution File, Format Version 12.00
# Visual Studio Version 17
VisualStudioVersion = 17.3.32819.101
MinimumVisualStudioVersion = 10.0.40219.1
Project("{9A19103F-16F7-4668-BE54-9A1E7A4F7556}") = "Stylet.Avalonia", "Stylet.Avalonia\Stylet.Avalonia.csproj", "{1ED55290-AC04-4001-90CA-3C2CCABEB80C}"
EndProject
Project("{2150E333-8FDC-42A3-9474-1A3956D46DE8}") = "Samples", "Samples", "{637794D0-B4D2-4E95-970F-E4887B1FEDA0}"
EndProject
Project("{9A19103F-16F7-4668-BE54-9A1E7A4F7556}") = "Stylet.Samples.Hello", "Samples\Stylet.Samples.Hello\Stylet.Samples.Hello.csproj", "{7FF85312-9044-4449-B03F-B479EE19257B}"
EndProject
Project("{9A19103F-16F7-4668-BE54-9A1E7A4F7556}") = "Stylet.Samples.HelloDialog", "Samples\Stylet.Samples.HelloDialog\Stylet.Samples.HelloDialog.csproj", "{1BA0B259-2EE7-4B2E-BCAA-E63C73D2F1B2}"
EndProject
Project("{9A19103F-16F7-4668-BE54-9A1E7A4F7556}") = "Stylet.Samples.MasterDetail", "Samples\Stylet.Samples.MasterDetail\Stylet.Samples.MasterDetail.csproj", "{10E0C7E4-52D7-4B63-BACB-807AAF5987E3}"
EndProject
Project("{9A19103F-16F7-4668-BE54-9A1E7A4F7556}") = "Stylet.Samples.NavigationController", "Samples\Stylet.Samples.NavigationController\Stylet.Samples.NavigationController.csproj", "{C1DF59E9-C47F-4801-AF38-D308BDD411E3}"
EndProject
Project("{9A19103F-16F7-4668-BE54-9A1E7A4F7556}") = "Stylet.Samples.OverridingViewManager", "Samples\Stylet.Samples.OverridingViewManager\Stylet.Samples.OverridingViewManager.csproj", "{06B4CA61-8823-42B8-8D47-5FCE3004BB37}"
EndProject
Project("{9A19103F-16F7-4668-BE54-9A1E7A4F7556}") = "Stylet.Samples.TabNavigation", "Samples\Stylet.Samples.TabNavigation\Stylet.Samples.TabNavigation.csproj", "{52CFF303-0FE6-4682-B244-AD3F630D836E}"
EndProject
Project("{FAE04EC0-301F-11D3-BF4B-00C04F79EFBC}") = "Stylet.Samples.DryIoC", "Samples\Stylet.Samples.DryIoC\Stylet.Samples.DryIoC.csproj", "{2771A72B-8BDF-40B8-977D-B29CBBF0F853}"
EndProject
Global
	GlobalSection(SolutionConfigurationPlatforms) = preSolution
		Debug|Any CPU = Debug|Any CPU
		Release|Any CPU = Release|Any CPU
	EndGlobalSection
	GlobalSection(ProjectConfigurationPlatforms) = postSolution
		{1ED55290-AC04-4001-90CA-3C2CCABEB80C}.Debug|Any CPU.ActiveCfg = Debug|Any CPU
		{1ED55290-AC04-4001-90CA-3C2CCABEB80C}.Debug|Any CPU.Build.0 = Debug|Any CPU
		{1ED55290-AC04-4001-90CA-3C2CCABEB80C}.Release|Any CPU.ActiveCfg = Release|Any CPU
		{1ED55290-AC04-4001-90CA-3C2CCABEB80C}.Release|Any CPU.Build.0 = Release|Any CPU
		{7FF85312-9044-4449-B03F-B479EE19257B}.Debug|Any CPU.ActiveCfg = Debug|Any CPU
		{7FF85312-9044-4449-B03F-B479EE19257B}.Debug|Any CPU.Build.0 = Debug|Any CPU
		{7FF85312-9044-4449-B03F-B479EE19257B}.Release|Any CPU.ActiveCfg = Release|Any CPU
		{7FF85312-9044-4449-B03F-B479EE19257B}.Release|Any CPU.Build.0 = Release|Any CPU
		{1BA0B259-2EE7-4B2E-BCAA-E63C73D2F1B2}.Debug|Any CPU.ActiveCfg = Debug|Any CPU
		{1BA0B259-2EE7-4B2E-BCAA-E63C73D2F1B2}.Debug|Any CPU.Build.0 = Debug|Any CPU
		{1BA0B259-2EE7-4B2E-BCAA-E63C73D2F1B2}.Release|Any CPU.ActiveCfg = Release|Any CPU
		{1BA0B259-2EE7-4B2E-BCAA-E63C73D2F1B2}.Release|Any CPU.Build.0 = Release|Any CPU
		{10E0C7E4-52D7-4B63-BACB-807AAF5987E3}.Debug|Any CPU.ActiveCfg = Debug|Any CPU
		{10E0C7E4-52D7-4B63-BACB-807AAF5987E3}.Debug|Any CPU.Build.0 = Debug|Any CPU
		{10E0C7E4-52D7-4B63-BACB-807AAF5987E3}.Release|Any CPU.ActiveCfg = Release|Any CPU
		{10E0C7E4-52D7-4B63-BACB-807AAF5987E3}.Release|Any CPU.Build.0 = Release|Any CPU
		{C1DF59E9-C47F-4801-AF38-D308BDD411E3}.Debug|Any CPU.ActiveCfg = Debug|Any CPU
		{C1DF59E9-C47F-4801-AF38-D308BDD411E3}.Debug|Any CPU.Build.0 = Debug|Any CPU
		{C1DF59E9-C47F-4801-AF38-D308BDD411E3}.Release|Any CPU.ActiveCfg = Release|Any CPU
		{C1DF59E9-C47F-4801-AF38-D308BDD411E3}.Release|Any CPU.Build.0 = Release|Any CPU
		{06B4CA61-8823-42B8-8D47-5FCE3004BB37}.Debug|Any CPU.ActiveCfg = Debug|Any CPU
		{06B4CA61-8823-42B8-8D47-5FCE3004BB37}.Debug|Any CPU.Build.0 = Debug|Any CPU
		{06B4CA61-8823-42B8-8D47-5FCE3004BB37}.Release|Any CPU.ActiveCfg = Release|Any CPU
		{06B4CA61-8823-42B8-8D47-5FCE3004BB37}.Release|Any CPU.Build.0 = Release|Any CPU
		{52CFF303-0FE6-4682-B244-AD3F630D836E}.Debug|Any CPU.ActiveCfg = Debug|Any CPU
		{52CFF303-0FE6-4682-B244-AD3F630D836E}.Debug|Any CPU.Build.0 = Debug|Any CPU
		{52CFF303-0FE6-4682-B244-AD3F630D836E}.Release|Any CPU.ActiveCfg = Release|Any CPU
		{52CFF303-0FE6-4682-B244-AD3F630D836E}.Release|Any CPU.Build.0 = Release|Any CPU
		{2771A72B-8BDF-40B8-977D-B29CBBF0F853}.Debug|Any CPU.ActiveCfg = Debug|Any CPU
		{2771A72B-8BDF-40B8-977D-B29CBBF0F853}.Debug|Any CPU.Build.0 = Debug|Any CPU
		{2771A72B-8BDF-40B8-977D-B29CBBF0F853}.Release|Any CPU.ActiveCfg = Release|Any CPU
		{2771A72B-8BDF-40B8-977D-B29CBBF0F853}.Release|Any CPU.Build.0 = Release|Any CPU
	EndGlobalSection
	GlobalSection(SolutionProperties) = preSolution
		HideSolutionNode = FALSE
	EndGlobalSection
	GlobalSection(NestedProjects) = preSolution
		{7FF85312-9044-4449-B03F-B479EE19257B} = {637794D0-B4D2-4E95-970F-E4887B1FEDA0}
		{1BA0B259-2EE7-4B2E-BCAA-E63C73D2F1B2} = {637794D0-B4D2-4E95-970F-E4887B1FEDA0}
		{10E0C7E4-52D7-4B63-BACB-807AAF5987E3} = {637794D0-B4D2-4E95-970F-E4887B1FEDA0}
		{C1DF59E9-C47F-4801-AF38-D308BDD411E3} = {637794D0-B4D2-4E95-970F-E4887B1FEDA0}
		{06B4CA61-8823-42B8-8D47-5FCE3004BB37} = {637794D0-B4D2-4E95-970F-E4887B1FEDA0}
		{52CFF303-0FE6-4682-B244-AD3F630D836E} = {637794D0-B4D2-4E95-970F-E4887B1FEDA0}
		{2771A72B-8BDF-40B8-977D-B29CBBF0F853} = {637794D0-B4D2-4E95-970F-E4887B1FEDA0}
	EndGlobalSection
	GlobalSection(ExtensibilityGlobals) = postSolution
		SolutionGuid = {B5CD8D44-4D13-417F-B87B-58187A3A2897}
	EndGlobalSection
EndGlobal
